
Microsoft Visual Studio Solution File, Format Version 12.00
# Visual Studio Version 16
VisualStudioVersion = 16.0.30621.155
MinimumVisualStudioVersion = 10.0.40219.1
Project("{FAE04EC0-301F-11D3-BF4B-00C04F79EFBC}") = "PracticeOpenClosedPrinciple", "PracticeOpenClosedPrinciple\PracticeOpenClosedPrinciple.csproj", "{D17EB152-CD93-445A-B89E-435318E85C74}"
EndProject
Project("{FAE04EC0-301F-11D3-BF4B-00C04F79EFBC}") = "Test", "Test\Test.csproj", "{2BCCDE52-9F06-432D-9FC0-88BC32CAFBFE}"
EndProject
Global
	GlobalSection(SolutionConfigurationPlatforms) = preSolution
		Debug|Any CPU = Debug|Any CPU
		Release|Any CPU = Release|Any CPU
	EndGlobalSection
	GlobalSection(ProjectConfigurationPlatforms) = postSolution
		{D17EB152-CD93-445A-B89E-435318E85C74}.Debug|Any CPU.ActiveCfg = Debug|Any CPU
		{D17EB152-CD93-445A-B89E-435318E85C74}.Debug|Any CPU.Build.0 = Debug|Any CPU
		{D17EB152-CD93-445A-B89E-435318E85C74}.Release|Any CPU.ActiveCfg = Release|Any CPU
		{D17EB152-CD93-445A-B89E-435318E85C74}.Release|Any CPU.Build.0 = Release|Any CPU
		{2BCCDE52-9F06-432D-9FC0-88BC32CAFBFE}.Debug|Any CPU.ActiveCfg = Debug|Any CPU
		{2BCCDE52-9F06-432D-9FC0-88BC32CAFBFE}.Debug|Any CPU.Build.0 = Debug|Any CPU
		{2BCCDE52-9F06-432D-9FC0-88BC32CAFBFE}.Release|Any CPU.ActiveCfg = Release|Any CPU
		{2BCCDE52-9F06-432D-9FC0-88BC32CAFBFE}.Release|Any CPU.Build.0 = Release|Any CPU
	EndGlobalSection
	GlobalSection(SolutionProperties) = preSolution
		HideSolutionNode = FALSE
	EndGlobalSection
	GlobalSection(ExtensibilityGlobals) = postSolution
		SolutionGuid = {1DE02E17-DCA2-40B4-8D00-361344D9A88D}
	EndGlobalSection
EndGlobal
